PODS:
  - FMDB (2.7.9):
    - FMDB/standard (= 2.7.9)
  - FMDB/standard (2.7.9)
  - GRDB.swift (6.24.1):
    - GRDB.swift/standard (= 6.24.1)
  - GRDB.swift/standard (6.24.1)
  - Masonry (1.1.0)
  - ProgressHUD (0.0.1)
  - SnapKit (5.6.0)
  - WMPageController (2.4.3)
  - YYModel (1.0.4)

DEPENDENCIES:
  - FMDB
  - GRDB.swift
  - Masonry
  - ProgressHUD (from `./ProgressHUD`)
  - SnapKit (~> 5.6.0)
  - WMPageController (~> 2.4.0)
  - YYModel

SPEC REPOS:
  https://github.com/CocoaPods/Specs.git:
    - FMDB
    - GRDB.swift
    - Masonry
    - SnapKit
    - WMPageController
    - YYModel

EXTERNAL SOURCES:
  ProgressHUD:
    :path: "./ProgressHUD"

SPEC CHECKSUMS:
  FMDB: aa44149f6fb634b1ac54f64f47064bb0d0c5a032
  GRDB.swift: 136dcb5d8dddca50aae3ba7d77475f79e7232cd8
  Masonry: 678fab65091a9290e40e2832a55e7ab731aad201
  ProgressHUD: 72393201617690035d9632c8d856430d7a6f41ae
  SnapKit: e01d52ebb8ddbc333eefe2132acf85c8227d9c25
  WMPageController: 4c7f2c636675a71aea5eecf8fdc07a0ce86954e3
  YYModel: 2a7fdd96aaa4b86a824e26d0c517de8928c04b30

PODFILE CHECKSUM: cc1b811b553466f1d637339cea7490cbcaeb0a13

COCOAPODS: 1.15.2
